// !$*UTF8*$!
{
	archiveVersion = 1;
	classes = {
	};
	objectVersion = 50;
	objects = {

/* Begin PBXBuildFile section */
		DE519A7225C89FDF00F9E187 /* Date.swift in Sources */ = {isa = PBXBuildFile; fileRef = DE519A7125C89FDF00F9E187 /* Date.swift */; };
		DE519A7D25C8A00A00F9E187 /* Habit.swift in Sources */ = {isa = PBXBuildFile; fileRef = DE519A7825C8A00A00F9E187 /* Habit.swift */; };
		DE519A8A25C8B3EC00F9E187 /* HabitsViewModel.swift in Sources */ = {isa = PBXBuildFile; fileRef = DE519A8925C8B3EC00F9E187 /* HabitsViewModel.swift */; };
		DE8897BC25CEA59C00A6AC55 /* Color.swift in Sources */ = {isa = PBXBuildFile; fileRef = DE8897BB25CEA59C00A6AC55 /* Color.swift */; };
		DE8897CA25CF433900A6AC55 /* ServiceLocator.swift in Sources */ = {isa = PBXBuildFile; fileRef = DE8897C925CF433900A6AC55 /* ServiceLocator.swift */; };
		DE8897D025CF440900A6AC55 /* FilePersister.swift in Sources */ = {isa = PBXBuildFile; fileRef = DE8897CF25CF440900A6AC55 /* FilePersister.swift */; };
		DE99F0882590F25D00FC99EC /* H21App.swift in Sources */ = {isa = PBXBuildFile; fileRef = DE99F0872590F25D00FC99EC /* H21App.swift */; };
		DE99F08A2590F25D00FC99EC /* Habits.swift in Sources */ = {isa = PBXBuildFile; fileRef = DE99F0892590F25D00FC99EC /* Habits.swift */; };
		DE99F08C2590F26000FC99EC /* Assets.xcassets in Resources */ = {isa = PBXBuildFile; fileRef = DE99F08B2590F26000FC99EC /* Assets.xcassets */; };
		DE99F08F2590F26000FC99EC /* Preview Assets.xcassets in Resources */ = {isa = PBXBuildFile; fileRef = DE99F08E2590F26000FC99EC /* Preview Assets.xcassets */; };
		DE99F09A2590F26000FC99EC /* H21Tests.swift in Sources */ = {isa = PBXBuildFile; fileRef = DE99F0992590F26000FC99EC /* H21Tests.swift */; };
		DE99F0A52590F26100FC99EC /* H21UITests.swift in Sources */ = {isa = PBXBuildFile; fileRef = DE99F0A42590F26100FC99EC /* H21UITests.swift */; };
		DE99F0BD25910F9100FC99EC /* AddHabit.swift in Sources */ = {isa = PBXBuildFile; fileRef = DE99F0BC25910F9100FC99EC /* AddHabit.swift */; };
		DE99F0C2259110B600FC99EC /* HabitDetails.swift in Sources */ = {isa = PBXBuildFile; fileRef = DE99F0C1259110B600FC99EC /* HabitDetails.swift */; };
		DED4FA6C25BC914C001384FE /* Checkbox.swift in Sources */ = {isa = PBXBuildFile; fileRef = DED4FA6B25BC914C001384FE /* Checkbox.swift */; };
		EA618796265A8C5C0046A22D /* Calendar.swift in Sources */ = {isa = PBXBuildFile; fileRef = EA618795265A8C5C0046A22D /* Calendar.swift */; };
		EA618798265DA0170046A22D /* Notifications.swift in Sources */ = {isa = PBXBuildFile; fileRef = EA618797265DA0170046A22D /* Notifications.swift */; };
		EAC55D67268318FD007A7D05 /* WidgetKit.framework in Frameworks */ = {isa = PBXBuildFile; fileRef = EAC55D66268318FD007A7D05 /* WidgetKit.framework */; };
		EAC55D69268318FD007A7D05 /* SwiftUI.framework in Frameworks */ = {isa = PBXBuildFile; fileRef = EAC55D68268318FD007A7D05 /* SwiftUI.framework */; };
		EAC55D6C268318FD007A7D05 /* H21Widget.swift in Sources */ = {isa = PBXBuildFile; fileRef = EAC55D6B268318FD007A7D05 /* H21Widget.swift */; };
		EAC55D6F268318FE007A7D05 /* Assets.xcassets in Resources */ = {isa = PBXBuildFile; fileRef = EAC55D6E268318FE007A7D05 /* Assets.xcassets */; };
		EAC55D71268318FE007A7D05 /* H21Widget.intentdefinition in Sources */ = {isa = PBXBuildFile; fileRef = EAC55D6D268318FD007A7D05 /* H21Widget.intentdefinition */; };
		EAC55D72268318FE007A7D05 /* H21Widget.intentdefinition in Sources */ = {isa = PBXBuildFile; fileRef = EAC55D6D268318FD007A7D05 /* H21Widget.intentdefinition */; };
		EAC55D75268318FE007A7D05 /* H21WidgetExtension.appex in Embed App Extensions */ = {isa = PBXBuildFile; fileRef = EAC55D64268318FD007A7D05 /* H21WidgetExtension.appex */; settings = {ATTRIBUTES = (RemoveHeadersOnCopy, ); }; };
		EAC55D7A26831AAD007A7D05 /* Habit.swift in Sources */ = {isa = PBXBuildFile; fileRef = DE519A7825C8A00A00F9E187 /* Habit.swift */; };
		EAC55D7B26831AB3007A7D05 /* HabitsViewModel.swift in Sources */ = {isa = PBXBuildFile; fileRef = DE519A8925C8B3EC00F9E187 /* HabitsViewModel.swift */; };
		EAC55D7D2683270D007A7D05 /* Habits.swift in Sources */ = {isa = PBXBuildFile; fileRef = DE99F0892590F25D00FC99EC /* Habits.swift */; };
		EAC55D7E26832C3E007A7D05 /* Date.swift in Sources */ = {isa = PBXBuildFile; fileRef = DE519A7125C89FDF00F9E187 /* Date.swift */; };
		EAC55D7F26832C42007A7D05 /* Color.swift in Sources */ = {isa = PBXBuildFile; fileRef = DE8897BB25CEA59C00A6AC55 /* Color.swift */; };
		EAC55D8026832C45007A7D05 /* ServiceLocator.swift in Sources */ = {isa = PBXBuildFile; fileRef = DE8897C925CF433900A6AC55 /* ServiceLocator.swift */; };
		EAC55D8126832C48007A7D05 /* Notifications.swift in Sources */ = {isa = PBXBuildFile; fileRef = EA618797265DA0170046A22D /* Notifications.swift */; };
		EAC55D8226832C4B007A7D05 /* FilePersister.swift in Sources */ = {isa = PBXBuildFile; fileRef = DE8897CF25CF440900A6AC55 /* FilePersister.swift */; };
		EAC55D8326832C58007A7D05 /* Checkbox.swift in Sources */ = {isa = PBXBuildFile; fileRef = DED4FA6B25BC914C001384FE /* Checkbox.swift */; };
		EAC55D8426832C5B007A7D05 /* Calendar.swift in Sources */ = {isa = PBXBuildFile; fileRef = EA618795265A8C5C0046A22D /* Calendar.swift */; };
		EAC55D8526832C78007A7D05 /* AddHabit.swift in Sources */ = {isa = PBXBuildFile; fileRef = DE99F0BC25910F9100FC99EC /* AddHabit.swift */; };
		EAC55D8626832C80007A7D05 /* HabitDetails.swift in Sources */ = {isa = PBXBuildFile; fileRef = DE99F0C1259110B600FC99EC /* HabitDetails.swift */; };
/* End PBXBuildFile section */

/* Begin PBXContainerItemProxy section */
		DE99F0962590F26000FC99EC /* PBXContainerItemProxy */ = {
			isa = PBXContainerItemProxy;
			containerPortal = DE99F07C2590F25D00FC99EC /* Project object */;
			proxyType = 1;
			remoteGlobalIDString = DE99F0832590F25D00FC99EC;
			remoteInfo = H21;
		};
		DE99F0A12590F26000FC99EC /* PBXContainerItemProxy */ = {
			isa = PBXContainerItemProxy;
			containerPortal = DE99F07C2590F25D00FC99EC /* Project object */;
			proxyType = 1;
			remoteGlobalIDString = DE99F0832590F25D00FC99EC;
			remoteInfo = H21;
		};
		EAC55D73268318FE007A7D05 /* PBXContainerItemProxy */ = {
			isa = PBXContainerItemProxy;
			containerPortal = DE99F07C2590F25D00FC99EC /* Project object */;
			proxyType = 1;
			remoteGlobalIDString = EAC55D63268318FD007A7D05;
			remoteInfo = H21WidgetExtension;
		};
/* End PBXContainerItemProxy section */

/* Begin PBXCopyFilesBuildPhase section */
		EAC55D79268318FE007A7D05 /* Embed App Extensions */ = {
			isa = PBXCopyFilesBuildPhase;
			buildActionMask = 2147483647;
			dstPath = "";
			dstSubfolderSpec = 13;
			files = (
				EAC55D75268318FE007A7D05 /* H21WidgetExtension.appex in Embed App Extensions */,
			);
			name = "Embed App Extensions";
			runOnlyForDeploymentPostprocessing = 0;
		};
/* End PBXCopyFilesBuildPhase section */

/* Begin PBXFileReference section */
		DE519A7125C89FDF00F9E187 /* Date.swift */ = {isa = PBXFileReference; fileEncoding = 4; lastKnownFileType = sourcecode.swift; path = Date.swift; sourceTree = "<group>"; };
		DE519A7825C8A00A00F9E187 /* Habit.swift */ = {isa = PBXFileReference; fileEncoding = 4; lastKnownFileType = sourcecode.swift; path = Habit.swift; sourceTree = "<group>"; };
		DE519A8925C8B3EC00F9E187 /* HabitsViewModel.swift */ = {isa = PBXFileReference; lastKnownFileType = sourcecode.swift; path = HabitsViewModel.swift; sourceTree = "<group>"; };
		DE8897BB25CEA59C00A6AC55 /* Color.swift */ = {isa = PBXFileReference; lastKnownFileType = sourcecode.swift; path = Color.swift; sourceTree = "<group>"; };
		DE8897C925CF433900A6AC55 /* ServiceLocator.swift */ = {isa = PBXFileReference; lastKnownFileType = sourcecode.swift; path = ServiceLocator.swift; sourceTree = "<group>"; };
		DE8897CF25CF440900A6AC55 /* FilePersister.swift */ = {isa = PBXFileReference; lastKnownFileType = sourcecode.swift; path = FilePersister.swift; sourceTree = "<group>"; };
		DE99F0842590F25D00FC99EC /* H21.app */ = {isa = PBXFileReference; explicitFileType = wrapper.application; includeInIndex = 0; path = H21.app; sourceTree = BUILT_PRODUCTS_DIR; };
		DE99F0872590F25D00FC99EC /* H21App.swift */ = {isa = PBXFileReference; lastKnownFileType = sourcecode.swift; path = H21App.swift; sourceTree = "<group>"; };
		DE99F0892590F25D00FC99EC /* Habits.swift */ = {isa = PBXFileReference; lastKnownFileType = sourcecode.swift; path = Habits.swift; sourceTree = "<group>"; };
		DE99F08B2590F26000FC99EC /* Assets.xcassets */ = {isa = PBXFileReference; lastKnownFileType = folder.assetcatalog; path = Assets.xcassets; sourceTree = "<group>"; };
		DE99F08E2590F26000FC99EC /* Preview Assets.xcassets */ = {isa = PBXFileReference; lastKnownFileType = folder.assetcatalog; path = "Preview Assets.xcassets"; sourceTree = "<group>"; };
		DE99F0902590F26000FC99EC /* Info.plist */ = {isa = PBXFileReference; lastKnownFileType = text.plist.xml; path = Info.plist; sourceTree = "<group>"; };
		DE99F0952590F26000FC99EC /* H21Tests.xctest */ = {isa = PBXFileReference; explicitFileType = wrapper.cfbundle; includeInIndex = 0; path = H21Tests.xctest; sourceTree = BUILT_PRODUCTS_DIR; };
		DE99F0992590F26000FC99EC /* H21Tests.swift */ = {isa = PBXFileReference; lastKnownFileType = sourcecode.swift; path = H21Tests.swift; sourceTree = "<group>"; };
		DE99F09B2590F26000FC99EC /* Info.plist */ = {isa = PBXFileReference; lastKnownFileType = text.plist.xml; path = Info.plist; sourceTree = "<group>"; };
		DE99F0A02590F26000FC99EC /* H21UITests.xctest */ = {isa = PBXFileReference; explicitFileType = wrapper.cfbundle; includeInIndex = 0; path = H21UITests.xctest; sourceTree = BUILT_PRODUCTS_DIR; };
		DE99F0A42590F26100FC99EC /* H21UITests.swift */ = {isa = PBXFileReference; lastKnownFileType = sourcecode.swift; path = H21UITests.swift; sourceTree = "<group>"; };
		DE99F0A62590F26100FC99EC /* Info.plist */ = {isa = PBXFileReference; lastKnownFileType = text.plist.xml; path = Info.plist; sourceTree = "<group>"; };
		DE99F0BC25910F9100FC99EC /* AddHabit.swift */ = {isa = PBXFileReference; lastKnownFileType = sourcecode.swift; path = AddHabit.swift; sourceTree = "<group>"; };
		DE99F0C1259110B600FC99EC /* HabitDetails.swift */ = {isa = PBXFileReference; lastKnownFileType = sourcecode.swift; path = HabitDetails.swift; sourceTree = "<group>"; };
		DED4FA6B25BC914C001384FE /* Checkbox.swift */ = {isa = PBXFileReference; lastKnownFileType = sourcecode.swift; path = Checkbox.swift; sourceTree = "<group>"; };
		EA618795265A8C5C0046A22D /* Calendar.swift */ = {isa = PBXFileReference; lastKnownFileType = sourcecode.swift; path = Calendar.swift; sourceTree = "<group>"; };
		EA618797265DA0170046A22D /* Notifications.swift */ = {isa = PBXFileReference; lastKnownFileType = sourcecode.swift; path = Notifications.swift; sourceTree = "<group>"; };
		EAC55D5F268315FE007A7D05 /* H21.entitlements */ = {isa = PBXFileReference; lastKnownFileType = text.plist.entitlements; path = H21.entitlements; sourceTree = "<group>"; };
		EAC55D64268318FD007A7D05 /* H21WidgetExtension.appex */ = {isa = PBXFileReference; explicitFileType = "wrapper.app-extension"; includeInIndex = 0; path = H21WidgetExtension.appex; sourceTree = BUILT_PRODUCTS_DIR; };
		EAC55D66268318FD007A7D05 /* WidgetKit.framework */ = {isa = PBXFileReference; lastKnownFileType = wrapper.framework; name = WidgetKit.framework; path = System/Library/Frameworks/WidgetKit.framework; sourceTree = SDKROOT; };
		EAC55D68268318FD007A7D05 /* SwiftUI.framework */ = {isa = PBXFileReference; lastKnownFileType = wrapper.framework; name = SwiftUI.framework; path = System/Library/Frameworks/SwiftUI.framework; sourceTree = SDKROOT; };
		EAC55D6B268318FD007A7D05 /* H21Widget.swift */ = {isa = PBXFileReference; lastKnownFileType = sourcecode.swift; path = H21Widget.swift; sourceTree = "<group>"; };
		EAC55D6D268318FD007A7D05 /* H21Widget.intentdefinition */ = {isa = PBXFileReference; lastKnownFileType = file.intentdefinition; path = H21Widget.intentdefinition; sourceTree = "<group>"; };
		EAC55D6E268318FE007A7D05 /* Assets.xcassets */ = {isa = PBXFileReference; lastKnownFileType = folder.assetcatalog; path = Assets.xcassets; sourceTree = "<group>"; };
		EAC55D70268318FE007A7D05 /* Info.plist */ = {isa = PBXFileReference; lastKnownFileType = text.plist.xml; path = Info.plist; sourceTree = "<group>"; };
		EAC55D7C26831B5B007A7D05 /* H21WidgetExtension.entitlements */ = {isa = PBXFileReference; lastKnownFileType = text.plist.entitlements; path = H21WidgetExtension.entitlements; sourceTree = "<group>"; };
/* End PBXFileReference section */

/* Begin PBXFrameworksBuildPhase section */
		DE99F0812590F25D00FC99EC /* Frameworks */ = {
			isa = PBXFrameworksBuildPhase;
			buildActionMask = 2147483647;
			files = (
			);
			runOnlyForDeploymentPostprocessing = 0;
		};
		DE99F0922590F26000FC99EC /* Frameworks */ = {
			isa = PBXFrameworksBuildPhase;
			buildActionMask = 2147483647;
			files = (
			);
			runOnlyForDeploymentPostprocessing = 0;
		};
		DE99F09D2590F26000FC99EC /* Frameworks */ = {
			isa = PBXFrameworksBuildPhase;
			buildActionMask = 2147483647;
			files = (
			);
			runOnlyForDeploymentPostprocessing = 0;
		};
		EAC55D61268318FD007A7D05 /* Frameworks */ = {
			isa = PBXFrameworksBuildPhase;
			buildActionMask = 2147483647;
			files = (
				EAC55D69268318FD007A7D05 /* SwiftUI.framework in Frameworks */,
				EAC55D67268318FD007A7D05 /* WidgetKit.framework in Frameworks */,
			);
			runOnlyForDeploymentPostprocessing = 0;
		};
/* End PBXFrameworksBuildPhase section */

/* Begin PBXGroup section */
		DE519A7025C89FBC00F9E187 /* Utils */ = {
			isa = PBXGroup;
			children = (
				DE519A7125C89FDF00F9E187 /* Date.swift */,
				DE8897BB25CEA59C00A6AC55 /* Color.swift */,
			);
			path = Utils;
			sourceTree = "<group>";
		};
		DE8897CE25CF43EF00A6AC55 /* Services */ = {
			isa = PBXGroup;
			children = (
				DE8897CF25CF440900A6AC55 /* FilePersister.swift */,
				EA618797265DA0170046A22D /* Notifications.swift */,
				DE8897C925CF433900A6AC55 /* ServiceLocator.swift */,
			);
			path = Services;
			sourceTree = "<group>";
		};
		DE99F07B2590F25D00FC99EC = {
			isa = PBXGroup;
			children = (
				EAC55D7C26831B5B007A7D05 /* H21WidgetExtension.entitlements */,
				DE99F0862590F25D00FC99EC /* H21 */,
				DE99F0982590F26000FC99EC /* H21Tests */,
				DE99F0A32590F26100FC99EC /* H21UITests */,
				EAC55D6A268318FD007A7D05 /* H21Widget */,
				EAC55D65268318FD007A7D05 /* Frameworks */,
				DE99F0852590F25D00FC99EC /* Products */,
			);
			sourceTree = "<group>";
		};
		DE99F0852590F25D00FC99EC /* Products */ = {
			isa = PBXGroup;
			children = (
				DE99F0842590F25D00FC99EC /* H21.app */,
				DE99F0952590F26000FC99EC /* H21Tests.xctest */,
				DE99F0A02590F26000FC99EC /* H21UITests.xctest */,
				EAC55D64268318FD007A7D05 /* H21WidgetExtension.appex */,
			);
			name = Products;
			sourceTree = "<group>";
		};
		DE99F0862590F25D00FC99EC /* H21 */ = {
			isa = PBXGroup;
			children = (
				EAC55D5F268315FE007A7D05 /* H21.entitlements */,
				DE8897CE25CF43EF00A6AC55 /* Services */,
				DE519A7025C89FBC00F9E187 /* Utils */,
				DED4FA6A25BC911D001384FE /* Views */,
				DE99F0B82590F71900FC99EC /* Model */,
				DE99F0872590F25D00FC99EC /* H21App.swift */,
				DE99F0892590F25D00FC99EC /* Habits.swift */,
				DE99F0BC25910F9100FC99EC /* AddHabit.swift */,
				DE99F0C1259110B600FC99EC /* HabitDetails.swift */,
				DE99F08B2590F26000FC99EC /* Assets.xcassets */,
				DE99F0902590F26000FC99EC /* Info.plist */,
				DE99F08D2590F26000FC99EC /* Preview Content */,
			);
			path = H21;
			sourceTree = "<group>";
		};
		DE99F08D2590F26000FC99EC /* Preview Content */ = {
			isa = PBXGroup;
			children = (
				DE99F08E2590F26000FC99EC /* Preview Assets.xcassets */,
			);
			path = "Preview Content";
			sourceTree = "<group>";
		};
		DE99F0982590F26000FC99EC /* H21Tests */ = {
			isa = PBXGroup;
			children = (
				DE99F0992590F26000FC99EC /* H21Tests.swift */,
				DE99F09B2590F26000FC99EC /* Info.plist */,
			);
			path = H21Tests;
			sourceTree = "<group>";
		};
		DE99F0A32590F26100FC99EC /* H21UITests */ = {
			isa = PBXGroup;
			children = (
				DE99F0A42590F26100FC99EC /* H21UITests.swift */,
				DE99F0A62590F26100FC99EC /* Info.plist */,
			);
			path = H21UITests;
			sourceTree = "<group>";
		};
		DE99F0B82590F71900FC99EC /* Model */ = {
			isa = PBXGroup;
			children = (
				DE519A7825C8A00A00F9E187 /* Habit.swift */,
				DE519A8925C8B3EC00F9E187 /* HabitsViewModel.swift */,
			);
			path = Model;
			sourceTree = "<group>";
		};
		DED4FA6A25BC911D001384FE /* Views */ = {
			isa = PBXGroup;
			children = (
				DED4FA6B25BC914C001384FE /* Checkbox.swift */,
				EA618795265A8C5C0046A22D /* Calendar.swift */,
			);
			path = Views;
			sourceTree = "<group>";
		};
		EAC55D65268318FD007A7D05 /* Frameworks */ = {
			isa = PBXGroup;
			children = (
				EAC55D66268318FD007A7D05 /* WidgetKit.framework */,
				EAC55D68268318FD007A7D05 /* SwiftUI.framework */,
			);
			name = Frameworks;
			sourceTree = "<group>";
		};
		EAC55D6A268318FD007A7D05 /* H21Widget */ = {
			isa = PBXGroup;
			children = (
				EAC55D6B268318FD007A7D05 /* H21Widget.swift */,
				EAC55D6D268318FD007A7D05 /* H21Widget.intentdefinition */,
				EAC55D6E268318FE007A7D05 /* Assets.xcassets */,
				EAC55D70268318FE007A7D05 /* Info.plist */,
			);
			path = H21Widget;
			sourceTree = "<group>";
		};
/* End PBXGroup section */

/* Begin PBXNativeTarget section */
		DE99F0832590F25D00FC99EC /* H21 */ = {
			isa = PBXNativeTarget;
			buildConfigurationList = DE99F0A92590F26100FC99EC /* Build configuration list for PBXNativeTarget "H21" */;
			buildPhases = (
				DE99F0802590F25D00FC99EC /* Sources */,
				DE99F0812590F25D00FC99EC /* Frameworks */,
				DE99F0822590F25D00FC99EC /* Resources */,
				EAC55D79268318FE007A7D05 /* Embed App Extensions */,
			);
			buildRules = (
			);
			dependencies = (
				EAC55D74268318FE007A7D05 /* PBXTargetDependency */,
			);
			name = H21;
			productName = H21;
			productReference = DE99F0842590F25D00FC99EC /* H21.app */;
			productType = "com.apple.product-type.application";
		};
		DE99F0942590F26000FC99EC /* H21Tests */ = {
			isa = PBXNativeTarget;
			buildConfigurationList = DE99F0AC2590F26100FC99EC /* Build configuration list for PBXNativeTarget "H21Tests" */;
			buildPhases = (
				DE99F0912590F26000FC99EC /* Sources */,
				DE99F0922590F26000FC99EC /* Frameworks */,
				DE99F0932590F26000FC99EC /* Resources */,
			);
			buildRules = (
			);
			dependencies = (
				DE99F0972590F26000FC99EC /* PBXTargetDependency */,
			);
			name = H21Tests;
			productName = H21Tests;
			productReference = DE99F0952590F26000FC99EC /* H21Tests.xctest */;
			productType = "com.apple.product-type.bundle.unit-test";
		};
		DE99F09F2590F26000FC99EC /* H21UITests */ = {
			isa = PBXNativeTarget;
			buildConfigurationList = DE99F0AF2590F26100FC99EC /* Build configuration list for PBXNativeTarget "H21UITests" */;
			buildPhases = (
				DE99F09C2590F26000FC99EC /* Sources */,
				DE99F09D2590F26000FC99EC /* Frameworks */,
				DE99F09E2590F26000FC99EC /* Resources */,
			);
			buildRules = (
			);
			dependencies = (
				DE99F0A22590F26000FC99EC /* PBXTargetDependency */,
			);
			name = H21UITests;
			productName = H21UITests;
			productReference = DE99F0A02590F26000FC99EC /* H21UITests.xctest */;
			productType = "com.apple.product-type.bundle.ui-testing";
		};
		EAC55D63268318FD007A7D05 /* H21WidgetExtension */ = {
			isa = PBXNativeTarget;
			buildConfigurationList = EAC55D76268318FE007A7D05 /* Build configuration list for PBXNativeTarget "H21WidgetExtension" */;
			buildPhases = (
				EAC55D60268318FD007A7D05 /* Sources */,
				EAC55D61268318FD007A7D05 /* Frameworks */,
				EAC55D62268318FD007A7D05 /* Resources */,
			);
			buildRules = (
			);
			dependencies = (
			);
			name = H21WidgetExtension;
			productName = H21WidgetExtension;
			productReference = EAC55D64268318FD007A7D05 /* H21WidgetExtension.appex */;
			productType = "com.apple.product-type.app-extension";
		};
/* End PBXNativeTarget section */

/* Begin PBXProject section */
		DE99F07C2590F25D00FC99EC /* Project object */ = {
			isa = PBXProject;
			attributes = {
				LastSwiftUpdateCheck = 1250;
				LastUpgradeCheck = 1220;
				TargetAttributes = {
					DE99F0832590F25D00FC99EC = {
						CreatedOnToolsVersion = 12.2;
					};
					DE99F0942590F26000FC99EC = {
						CreatedOnToolsVersion = 12.2;
						TestTargetID = DE99F0832590F25D00FC99EC;
					};
					DE99F09F2590F26000FC99EC = {
						CreatedOnToolsVersion = 12.2;
						TestTargetID = DE99F0832590F25D00FC99EC;
					};
					EAC55D63268318FD007A7D05 = {
						CreatedOnToolsVersion = 12.5;
					};
				};
			};
			buildConfigurationList = DE99F07F2590F25D00FC99EC /* Build configuration list for PBXProject "H21" */;
			compatibilityVersion = "Xcode 9.3";
			developmentRegion = en;
			hasScannedForEncodings = 0;
			knownRegions = (
				en,
				Base,
			);
			mainGroup = DE99F07B2590F25D00FC99EC;
			productRefGroup = DE99F0852590F25D00FC99EC /* Products */;
			projectDirPath = "";
			projectRoot = "";
			targets = (
				DE99F0832590F25D00FC99EC /* H21 */,
				DE99F0942590F26000FC99EC /* H21Tests */,
				DE99F09F2590F26000FC99EC /* H21UITests */,
				EAC55D63268318FD007A7D05 /* H21WidgetExtension */,
			);
		};
/* End PBXProject section */

/* Begin PBXResourcesBuildPhase section */
		DE99F0822590F25D00FC99EC /* Resources */ = {
			isa = PBXResourcesBuildPhase;
			buildActionMask = 2147483647;
			files = (
				DE99F08F2590F26000FC99EC /* Preview Assets.xcassets in Resources */,
				DE99F08C2590F26000FC99EC /* Assets.xcassets in Resources */,
			);
			runOnlyForDeploymentPostprocessing = 0;
		};
		DE99F0932590F26000FC99EC /* Resources */ = {
			isa = PBXResourcesBuildPhase;
			buildActionMask = 2147483647;
			files = (
			);
			runOnlyForDeploymentPostprocessing = 0;
		};
		DE99F09E2590F26000FC99EC /* Resources */ = {
			isa = PBXResourcesBuildPhase;
			buildActionMask = 2147483647;
			files = (
			);
			runOnlyForDeploymentPostprocessing = 0;
		};
		EAC55D62268318FD007A7D05 /* Resources */ = {
			isa = PBXResourcesBuildPhase;
			buildActionMask = 2147483647;
			files = (
				EAC55D6F268318FE007A7D05 /* Assets.xcassets in Resources */,
			);
			runOnlyForDeploymentPostprocessing = 0;
		};
/* End PBXResourcesBuildPhase section */

/* Begin PBXSourcesBuildPhase section */
		DE99F0802590F25D00FC99EC /* Sources */ = {
			isa = PBXSourcesBuildPhase;
			buildActionMask = 2147483647;
			files = (
				DE99F08A2590F25D00FC99EC /* Habits.swift in Sources */,
				DE519A7225C89FDF00F9E187 /* Date.swift in Sources */,
				DE8897BC25CEA59C00A6AC55 /* Color.swift in Sources */,
				DE519A8A25C8B3EC00F9E187 /* HabitsViewModel.swift in Sources */,
				DE99F0882590F25D00FC99EC /* H21App.swift in Sources */,
				EA618798265DA0170046A22D /* Notifications.swift in Sources */,
				DE99F0BD25910F9100FC99EC /* AddHabit.swift in Sources */,
				DE8897CA25CF433900A6AC55 /* ServiceLocator.swift in Sources */,
				EAC55D72268318FE007A7D05 /* H21Widget.intentdefinition in Sources */,
				EA618796265A8C5C0046A22D /* Calendar.swift in Sources */,
				DE99F0C2259110B600FC99EC /* HabitDetails.swift in Sources */,
				DE519A7D25C8A00A00F9E187 /* Habit.swift in Sources */,
				DED4FA6C25BC914C001384FE /* Checkbox.swift in Sources */,
				DE8897D025CF440900A6AC55 /* FilePersister.swift in Sources */,
			);
			runOnlyForDeploymentPostprocessing = 0;
		};
		DE99F0912590F26000FC99EC /* Sources */ = {
			isa = PBXSourcesBuildPhase;
			buildActionMask = 2147483647;
			files = (
				DE99F09A2590F26000FC99EC /* H21Tests.swift in Sources */,
			);
			runOnlyForDeploymentPostprocessing = 0;
		};
		DE99F09C2590F26000FC99EC /* Sources */ = {
			isa = PBXSourcesBuildPhase;
			buildActionMask = 2147483647;
			files = (
				DE99F0A52590F26100FC99EC /* H21UITests.swift in Sources */,
			);
			runOnlyForDeploymentPostprocessing = 0;
		};
		EAC55D60268318FD007A7D05 /* Sources */ = {
			isa = PBXSourcesBuildPhase;
			buildActionMask = 2147483647;
			files = (
				EAC55D7A26831AAD007A7D05 /* Habit.swift in Sources */,
				EAC55D7E26832C3E007A7D05 /* Date.swift in Sources */,
				EAC55D7F26832C42007A7D05 /* Color.swift in Sources */,
				EAC55D8126832C48007A7D05 /* Notifications.swift in Sources */,
				EAC55D8326832C58007A7D05 /* Checkbox.swift in Sources */,
				EAC55D7D2683270D007A7D05 /* Habits.swift in Sources */,
				EAC55D8026832C45007A7D05 /* ServiceLocator.swift in Sources */,
				EAC55D8426832C5B007A7D05 /* Calendar.swift in Sources */,
				EAC55D71268318FE007A7D05 /* H21Widget.intentdefinition in Sources */,
				EAC55D6C268318FD007A7D05 /* H21Widget.swift in Sources */,
				EAC55D7B26831AB3007A7D05 /* HabitsViewModel.swift in Sources */,
				EAC55D8526832C78007A7D05 /* AddHabit.swift in Sources */,
				EAC55D8226832C4B007A7D05 /* FilePersister.swift in Sources */,
				EAC55D8626832C80007A7D05 /* HabitDetails.swift in Sources */,
			);
			runOnlyForDeploymentPostprocessing = 0;
		};
/* End PBXSourcesBuildPhase section */

/* Begin PBXTargetDependency section */
		DE99F0972590F26000FC99EC /* PBXTargetDependency */ = {
			isa = PBXTargetDependency;
			target = DE99F0832590F25D00FC99EC /* H21 */;
			targetProxy = DE99F0962590F26000FC99EC /* PBXContainerItemProxy */;
		};
		DE99F0A22590F26000FC99EC /* PBXTargetDependency */ = {
			isa = PBXTargetDependency;
			target = DE99F0832590F25D00FC99EC /* H21 */;
			targetProxy = DE99F0A12590F26000FC99EC /* PBXContainerItemProxy */;
		};
		EAC55D74268318FE007A7D05 /* PBXTargetDependency */ = {
			isa = PBXTargetDependency;
			target = EAC55D63268318FD007A7D05 /* H21WidgetExtension */;
			targetProxy = EAC55D73268318FE007A7D05 /* PBXContainerItemProxy */;
		};
/* End PBXTargetDependency section */

/* Begin XCBuildConfiguration section */
		DE99F0A72590F26100FC99EC /* Debug */ = {
			isa = XCBuildConfiguration;
			buildSettings = {
				ALWAYS_SEARCH_USER_PATHS = NO;
				CLANG_ANALYZER_NONNULL = YES;
				CLANG_ANALYZER_NUMBER_OBJECT_CONVERSION = YES_AGGRESSIVE;
				CLANG_CXX_LANGUAGE_STANDARD = "gnu++14";
				CLANG_CXX_LIBRARY = "libc++";
				CLANG_ENABLE_MODULES = YES;
				CLANG_ENABLE_OBJC_ARC = YES;
				CLANG_ENABLE_OBJC_WEAK = YES;
				CLANG_WARN_BLOCK_CAPTURE_AUTORELEASING = YES;
				CLANG_WARN_BOOL_CONVERSION = YES;
				CLANG_WARN_COMMA = YES;
				CLANG_WARN_CONSTANT_CONVERSION = YES;
				CLANG_WARN_DEPRECATED_OBJC_IMPLEMENTATIONS = YES;
				CLANG_WARN_DIRECT_OBJC_ISA_USAGE = YES_ERROR;
				CLANG_WARN_DOCUMENTATION_COMMENTS = YES;
				CLANG_WARN_EMPTY_BODY = YES;
				CLANG_WARN_ENUM_CONVERSION = YES;
				CLANG_WARN_INFINITE_RECURSION = YES;
				CLANG_WARN_INT_CONVERSION = YES;
				CLANG_WARN_NON_LITERAL_NULL_CONVERSION = YES;
				CLANG_WARN_OBJC_IMPLICIT_RETAIN_SELF = YES;
				CLANG_WARN_OBJC_LITERAL_CONVERSION = YES;
				CLANG_WARN_OBJC_ROOT_CLASS = YES_ERROR;
				CLANG_WARN_QUOTED_INCLUDE_IN_FRAMEWORK_HEADER = YES;
				CLANG_WARN_RANGE_LOOP_ANALYSIS = YES;
				CLANG_WARN_STRICT_PROTOTYPES = YES;
				CLANG_WARN_SUSPICIOUS_MOVE = YES;
				CLANG_WARN_UNGUARDED_AVAILABILITY = YES_AGGRESSIVE;
				CLANG_WARN_UNREACHABLE_CODE = YES;
				CLANG_WARN__DUPLICATE_METHOD_MATCH = YES;
				COPY_PHASE_STRIP = NO;
				DEBUG_INFORMATION_FORMAT = dwarf;
				ENABLE_STRICT_OBJC_MSGSEND = YES;
				ENABLE_TESTABILITY = YES;
				GCC_C_LANGUAGE_STANDARD = gnu11;
				GCC_DYNAMIC_NO_PIC = NO;
				GCC_NO_COMMON_BLOCKS = YES;
				GCC_OPTIMIZATION_LEVEL = 0;
				GCC_PREPROCESSOR_DEFINITIONS = (
					"DEBUG=1",
					"$(inherited)",
				);
				GCC_WARN_64_TO_32_BIT_CONVERSION = YES;
				GCC_WARN_ABOUT_RETURN_TYPE = YES_ERROR;
				GCC_WARN_UNDECLARED_SELECTOR = YES;
				GCC_WARN_UNINITIALIZED_AUTOS = YES_AGGRESSIVE;
				GCC_WARN_UNUSED_FUNCTION = YES;
				GCC_WARN_UNUSED_VARIABLE = YES;
				IPHONEOS_DEPLOYMENT_TARGET = 14.2;
				MTL_ENABLE_DEBUG_INFO = INCLUDE_SOURCE;
				MTL_FAST_MATH = YES;
				ONLY_ACTIVE_ARCH = YES;
				SDKROOT = iphoneos;
				SWIFT_ACTIVE_COMPILATION_CONDITIONS = DEBUG;
				SWIFT_OPTIMIZATION_LEVEL = "-Onone";
			};
			name = Debug;
		};
		DE99F0A82590F26100FC99EC /* Release */ = {
			isa = XCBuildConfiguration;
			buildSettings = {
				ALWAYS_SEARCH_USER_PATHS = NO;
				CLANG_ANALYZER_NONNULL = YES;
				CLANG_ANALYZER_NUMBER_OBJECT_CONVERSION = YES_AGGRESSIVE;
				CLANG_CXX_LANGUAGE_STANDARD = "gnu++14";
				CLANG_CXX_LIBRARY = "libc++";
				CLANG_ENABLE_MODULES = YES;
				CLANG_ENABLE_OBJC_ARC = YES;
				CLANG_ENABLE_OBJC_WEAK = YES;
				CLANG_WARN_BLOCK_CAPTURE_AUTORELEASING = YES;
				CLANG_WARN_BOOL_CONVERSION = YES;
				CLANG_WARN_COMMA = YES;
				CLANG_WARN_CONSTANT_CONVERSION = YES;
				CLANG_WARN_DEPRECATED_OBJC_IMPLEMENTATIONS = YES;
				CLANG_WARN_DIRECT_OBJC_ISA_USAGE = YES_ERROR;
				CLANG_WARN_DOCUMENTATION_COMMENTS = YES;
				CLANG_WARN_EMPTY_BODY = YES;
				CLANG_WARN_ENUM_CONVERSION = YES;
				CLANG_WARN_INFINITE_RECURSION = YES;
				CLANG_WARN_INT_CONVERSION = YES;
				CLANG_WARN_NON_LITERAL_NULL_CONVERSION = YES;
				CLANG_WARN_OBJC_IMPLICIT_RETAIN_SELF = YES;
				CLANG_WARN_OBJC_LITERAL_CONVERSION = YES;
				CLANG_WARN_OBJC_ROOT_CLASS = YES_ERROR;
				CLANG_WARN_QUOTED_INCLUDE_IN_FRAMEWORK_HEADER = YES;
				CLANG_WARN_RANGE_LOOP_ANALYSIS = YES;
				CLANG_WARN_STRICT_PROTOTYPES = YES;
				CLANG_WARN_SUSPICIOUS_MOVE = YES;
				CLANG_WARN_UNGUARDED_AVAILABILITY = YES_AGGRESSIVE;
				CLANG_WARN_UNREACHABLE_CODE = YES;
				CLANG_WARN__DUPLICATE_METHOD_MATCH = YES;
				COPY_PHASE_STRIP = NO;
				DEBUG_INFORMATION_FORMAT = "dwarf-with-dsym";
				ENABLE_NS_ASSERTIONS = NO;
				ENABLE_STRICT_OBJC_MSGSEND = YES;
				GCC_C_LANGUAGE_STANDARD = gnu11;
				GCC_NO_COMMON_BLOCKS = YES;
				GCC_WARN_64_TO_32_BIT_CONVERSION = YES;
				GCC_WARN_ABOUT_RETURN_TYPE = YES_ERROR;
				GCC_WARN_UNDECLARED_SELECTOR = YES;
				GCC_WARN_UNINITIALIZED_AUTOS = YES_AGGRESSIVE;
				GCC_WARN_UNUSED_FUNCTION = YES;
				GCC_WARN_UNUSED_VARIABLE = YES;
				IPHONEOS_DEPLOYMENT_TARGET = 14.2;
				MTL_ENABLE_DEBUG_INFO = NO;
				MTL_FAST_MATH = YES;
				SDKROOT = iphoneos;
				SWIFT_COMPILATION_MODE = wholemodule;
				SWIFT_OPTIMIZATION_LEVEL = "-O";
				VALIDATE_PRODUCT = YES;
			};
			name = Release;
		};
		DE99F0AA2590F26100FC99EC /* Debug */ = {
			isa = XCBuildConfiguration;
			buildSettings = {
				ALWAYS_EMBED_SWIFT_STANDARD_LIBRARIES = YES;
				ASSETCATALOG_COMPILER_APPICON_NAME = AppIcon;
				ASSETCATALOG_COMPILER_GLOBAL_ACCENT_COLOR_NAME = AccentColor;
				CODE_SIGN_ENTITLEMENTS = H21/H21.entitlements;
				CODE_SIGN_STYLE = Automatic;
				DEVELOPMENT_ASSET_PATHS = "\"H21/Preview Content\"";
				DEVELOPMENT_TEAM = 8F6Z4VKPC5;
				ENABLE_PREVIEWS = YES;
				INFOPLIST_FILE = H21/Info.plist;
				IPHONEOS_DEPLOYMENT_TARGET = 14.0;
				LD_RUNPATH_SEARCH_PATHS = (
					"$(inherited)",
					"@executable_path/Frameworks",
				);
				PRODUCT_BUNDLE_IDENTIFIER = com.fox.H21;
				PRODUCT_NAME = "$(TARGET_NAME)";
				SWIFT_VERSION = 5.0;
				TARGETED_DEVICE_FAMILY = "1,2";
			};
			name = Debug;
		};
		DE99F0AB2590F26100FC99EC /* Release */ = {
			isa = XCBuildConfiguration;
			buildSettings = {
				ALWAYS_EMBED_SWIFT_STANDARD_LIBRARIES = YES;
				ASSETCATALOG_COMPILER_APPICON_NAME = AppIcon;
				ASSETCATALOG_COMPILER_GLOBAL_ACCENT_COLOR_NAME = AccentColor;
				CODE_SIGN_ENTITLEMENTS = H21/H21.entitlements;
				CODE_SIGN_STYLE = Automatic;
				DEVELOPMENT_ASSET_PATHS = "\"H21/Preview Content\"";
				DEVELOPMENT_TEAM = 8F6Z4VKPC5;
				ENABLE_PREVIEWS = YES;
				INFOPLIST_FILE = H21/Info.plist;
				IPHONEOS_DEPLOYMENT_TARGET = 14.0;
				LD_RUNPATH_SEARCH_PATHS = (
					"$(inherited)",
					"@executable_path/Frameworks",
				);
				PRODUCT_BUNDLE_IDENTIFIER = com.fox.H21;
				PRODUCT_NAME = "$(TARGET_NAME)";
				SWIFT_VERSION = 5.0;
				TARGETED_DEVICE_FAMILY = "1,2";
			};
			name = Release;
		};
		DE99F0AD2590F26100FC99EC /* Debug */ = {
			isa = XCBuildConfiguration;
			buildSettings = {
				ALWAYS_EMBED_SWIFT_STANDARD_LIBRARIES = YES;
				BUNDLE_LOADER = "$(TEST_HOST)";
				CODE_SIGN_STYLE = Automatic;
				DEVELOPMENT_TEAM = 8F6Z4VKPC5;
				INFOPLIST_FILE = H21Tests/Info.plist;
				IPHONEOS_DEPLOYMENT_TARGET = 14.0;
				LD_RUNPATH_SEARCH_PATHS = (
					"$(inherited)",
					"@executable_path/Frameworks",
					"@loader_path/Frameworks",
				);
				PRODUCT_BUNDLE_IDENTIFIER = com.fox.H21Tests;
				PRODUCT_NAME = "$(TARGET_NAME)";
				SWIFT_VERSION = 5.0;
				TARGETED_DEVICE_FAMILY = "1,2";
				TEST_HOST = "$(BUILT_PRODUCTS_DIR)/H21.app/H21";
			};
			name = Debug;
		};
		DE99F0AE2590F26100FC99EC /* Release */ = {
			isa = XCBuildConfiguration;
			buildSettings = {
				ALWAYS_EMBED_SWIFT_STANDARD_LIBRARIES = YES;
				BUNDLE_LOADER = "$(TEST_HOST)";
				CODE_SIGN_STYLE = Automatic;
				DEVELOPMENT_TEAM = 8F6Z4VKPC5;
				INFOPLIST_FILE = H21Tests/Info.plist;
				IPHONEOS_DEPLOYMENT_TARGET = 14.0;
				LD_RUNPATH_SEARCH_PATHS = (
					"$(inherited)",
					"@executable_path/Frameworks",
					"@loader_path/Frameworks",
				);
				PRODUCT_BUNDLE_IDENTIFIER = com.fox.H21Tests;
				PRODUCT_NAME = "$(TARGET_NAME)";
				SWIFT_VERSION = 5.0;
				TARGETED_DEVICE_FAMILY = "1,2";
				TEST_HOST = "$(BUILT_PRODUCTS_DIR)/H21.app/H21";
			};
			name = Release;
		};
		DE99F0B02590F26100FC99EC /* Debug */ = {
			isa = XCBuildConfiguration;
			buildSettings = {
				ALWAYS_EMBED_SWIFT_STANDARD_LIBRARIES = YES;
				CODE_SIGN_STYLE = Automatic;
				DEVELOPMENT_TEAM = 8F6Z4VKPC5;
				INFOPLIST_FILE = H21UITests/Info.plist;
				LD_RUNPATH_SEARCH_PATHS = (
					"$(inherited)",
					"@executable_path/Frameworks",
					"@loader_path/Frameworks",
				);
				PRODUCT_BUNDLE_IDENTIFIER = com.fox.H21UITests;
				PRODUCT_NAME = "$(TARGET_NAME)";
				SWIFT_VERSION = 5.0;
				TARGETED_DEVICE_FAMILY = "1,2";
				TEST_TARGET_NAME = H21;
			};
			name = Debug;
		};
		DE99F0B12590F26100FC99EC /* Release */ = {
			isa = XCBuildConfiguration;
			buildSettings = {
				ALWAYS_EMBED_SWIFT_STANDARD_LIBRARIES = YES;
				CODE_SIGN_STYLE = Automatic;
				DEVELOPMENT_TEAM = 8F6Z4VKPC5;
				INFOPLIST_FILE = H21UITests/Info.plist;
				LD_RUNPATH_SEARCH_PATHS = (
					"$(inherited)",
					"@executable_path/Frameworks",
					"@loader_path/Frameworks",
				);
				PRODUCT_BUNDLE_IDENTIFIER = com.fox.H21UITests;
				PRODUCT_NAME = "$(TARGET_NAME)";
				SWIFT_VERSION = 5.0;
				TARGETED_DEVICE_FAMILY = "1,2";
				TEST_TARGET_NAME = H21;
			};
			name = Release;
		};
		EAC55D77268318FE007A7D05 /* Debug */ = {
			isa = XCBuildConfiguration;
			buildSettings = {
				ASSETCATALOG_COMPILER_GLOBAL_ACCENT_COLOR_NAME = AccentColor;
				ASSETCATALOG_COMPILER_WIDGET_BACKGROUND_COLOR_NAME = WidgetBackground;
				CODE_SIGN_ENTITLEMENTS = H21WidgetExtension.entitlements;
				CODE_SIGN_STYLE = Automatic;
				DEVELOPMENT_TEAM = 8F6Z4VKPC5;
				INFOPLIST_FILE = H21Widget/Info.plist;
				IPHONEOS_DEPLOYMENT_TARGET = 14.5;
				LD_RUNPATH_SEARCH_PATHS = (
					"$(inherited)",
					"@executable_path/Frameworks",
					"@executable_path/../../Frameworks",
				);
				PRODUCT_BUNDLE_IDENTIFIER = com.fox.H21.H21Widget;
				PRODUCT_NAME = "$(TARGET_NAME)";
				SKIP_INSTALL = YES;
				SWIFT_VERSION = 5.0;
				TARGETED_DEVICE_FAMILY = "1,2";
			};
			name = Debug;
		};
		EAC55D78268318FE007A7D05 /* Release */ = {
			isa = XCBuildConfiguration;
			buildSettings = {
				ASSETCATALOG_COMPILER_GLOBAL_ACCENT_COLOR_NAME = AccentColor;
				ASSETCATALOG_COMPILER_WIDGET_BACKGROUND_COLOR_NAME = WidgetBackground;
				CODE_SIGN_ENTITLEMENTS = H21WidgetExtension.entitlements;
				CODE_SIGN_STYLE = Automatic;
				DEVELOPMENT_TEAM = 8F6Z4VKPC5;
				INFOPLIST_FILE = H21Widget/Info.plist;
				IPHONEOS_DEPLOYMENT_TARGET = 14.5;
				LD_RUNPATH_SEARCH_PATHS = (
					"$(inherited)",
					"@executable_path/Frameworks",
					"@executable_path/../../Frameworks",
				);
				PRODUCT_BUNDLE_IDENTIFIER = com.fox.H21.H21Widget;
				PRODUCT_NAME = "$(TARGET_NAME)";
				SKIP_INSTALL = YES;
				SWIFT_VERSION = 5.0;
				TARGETED_DEVICE_FAMILY = "1,2";
			};
			name = Release;
		};
/* End XCBuildConfiguration section */

/* Begin XCConfigurationList section */
		DE99F07F2590F25D00FC99EC /* Build configuration list for PBXProject "H21" */ = {
			isa = XCConfigurationList;
			buildConfigurations = (
				DE99F0A72590F26100FC99EC /* Debug */,
				DE99F0A82590F26100FC99EC /* Release */,
			);
			defaultConfigurationIsVisible = 0;
			defaultConfigurationName = Release;
		};
		DE99F0A92590F26100FC99EC /* Build configuration list for PBXNativeTarget "H21" */ = {
			isa = XCConfigurationList;
			buildConfigurations = (
				DE99F0AA2590F26100FC99EC /* Debug */,
				DE99F0AB2590F26100FC99EC /* Release */,
			);
			defaultConfigurationIsVisible = 0;
			defaultConfigurationName = Release;
		};
		DE99F0AC2590F26100FC99EC /* Build configuration list for PBXNativeTarget "H21Tests" */ = {
			isa = XCConfigurationList;
			buildConfigurations = (
				DE99F0AD2590F26100FC99EC /* Debug */,
				DE99F0AE2590F26100FC99EC /* Release */,
			);
			defaultConfigurationIsVisible = 0;
			defaultConfigurationName = Release;
		};
		DE99F0AF2590F26100FC99EC /* Build configuration list for PBXNativeTarget "H21UITests" */ = {
			isa = XCConfigurationList;
			buildConfigurations = (
				DE99F0B02590F26100FC99EC /* Debug */,
				DE99F0B12590F26100FC99EC /* Release */,
			);
			defaultConfigurationIsVisible = 0;
			defaultConfigurationName = Release;
		};
		EAC55D76268318FE007A7D05 /* Build configuration list for PBXNativeTarget "H21WidgetExtension" */ = {
			isa = XCConfigurationList;
			buildConfigurations = (
				EAC55D77268318FE007A7D05 /* Debug */,
				EAC55D78268318FE007A7D05 /* Release */,
			);
			defaultConfigurationIsVisible = 0;
			defaultConfigurationName = Release;
		};
/* End XCConfigurationList section */
	};
	rootObject = DE99F07C2590F25D00FC99EC /* Project object */;
}
